
Microsoft Visual Studio Solution File, Format Version 12.00
# Visual Studio Version 16
VisualStudioVersion = 16.0.32106.194
MinimumVisualStudioVersion = 10.0.40219.1
Project("{F2A71F9B-5D33-465A-A702-920D77279786}") = "FChess.Core", "FChess.Core\FChess.Core.fsproj", "{58A27A27-EDEC-4133-AD24-8E565C0281DF}"
EndProject
Global
	GlobalSection(SolutionConfigurationPlatforms) = preSolution
		Debug|Any CPU = Debug|Any CPU
		Release|Any CPU = Release|Any CPU
	EndGlobalSection
	GlobalSection(ProjectConfigurationPlatforms) = postSolution
		{58A27A27-EDEC-4133-AD24-8E565C0281DF}.Debug|Any CPU.ActiveCfg = Debug|Any CPU
		{58A27A27-EDEC-4133-AD24-8E565C0281DF}.Debug|Any CPU.Build.0 = Debug|Any CPU
		{58A27A27-EDEC-4133-AD24-8E565C0281DF}.Release|Any CPU.ActiveCfg = Release|Any CPU
		{58A27A27-EDEC-4133-AD24-8E565C0281DF}.Release|Any CPU.Build.0 = Release|Any CPU
	EndGlobalSection
	GlobalSection(SolutionProperties) = preSolution
		HideSolutionNode = FALSE
	EndGlobalSection
	GlobalSection(ExtensibilityGlobals) = postSolution
		SolutionGuid = {964B10AC-8C56-44DD-A997-CC658747790B}
	EndGlobalSection
EndGlobal
